// !$*UTF8*$!
{
	archiveVersion = 1;
	classes = {
	};
	objectVersion = 50;
	objects = {

/* Begin PBXBuildFile section */
		7B5E66DF6FFF616E0F42433B /* Pods_Conversor.framework in Frameworks */ = {isa = PBXBuildFile; fileRef = 05EB34FE764CE4E834F946E1 /* Pods_Conversor.framework */; };
		EF086724219C799F00D6C99A /* AppDelegate.swift in Sources */ = {isa = PBXBuildFile; fileRef = EF086723219C799F00D6C99A /* AppDelegate.swift */; };
		EF086726219C799F00D6C99A /* MoneyViewController.swift in Sources */ = {isa = PBXBuildFile; fileRef = EF086725219C799F00D6C99A /* MoneyViewController.swift */; };
		EF086729219C799F00D6C99A /* Main.storyboard in Resources */ = {isa = PBXBuildFile; fileRef = EF086727219C799F00D6C99A /* Main.storyboard */; };
		EF08672B219C79A000D6C99A /* Assets.xcassets in Resources */ = {isa = PBXBuildFile; fileRef = EF08672A219C79A000D6C99A /* Assets.xcassets */; };
		EF08672E219C79A000D6C99A /* LaunchScreen.storyboard in Resources */ = {isa = PBXBuildFile; fileRef = EF08672C219C79A000D6C99A /* LaunchScreen.storyboard */; };
		EF6906A021A3AE6B0064B3AC /* Extensions.swift in Sources */ = {isa = PBXBuildFile; fileRef = EF69069F21A3AE6B0064B3AC /* Extensions.swift */; };
/* End PBXBuildFile section */

/* Begin PBXFileReference section */
		05EB34FE764CE4E834F946E1 /* Pods_Conversor.framework */ = {isa = PBXFileReference; explicitFileType = wrapper.framework; includeInIndex = 0; path = Pods_Conversor.framework; sourceTree = BUILT_PRODUCTS_DIR; };
		7490CCCBCD4C46DE547A5817 /* Pods-Conversor.debug.xcconfig */ = {isa = PBXFileReference; includeInIndex = 1; lastKnownFileType = text.xcconfig; name = "Pods-Conversor.debug.xcconfig"; path = "Pods/Target Support Files/Pods-Conversor/Pods-Conversor.debug.xcconfig"; sourceTree = "<group>"; };
		9F4362BA1538540C1A39299D /* Pods-Conversor.release.xcconfig */ = {isa = PBXFileReference; includeInIndex = 1; lastKnownFileType = text.xcconfig; name = "Pods-Conversor.release.xcconfig"; path = "Pods/Target Support Files/Pods-Conversor/Pods-Conversor.release.xcconfig"; sourceTree = "<group>"; };
		EF086720219C799F00D6C99A /* Conversor.app */ = {isa = PBXFileReference; explicitFileType = wrapper.application; includeInIndex = 0; path = Conversor.app; sourceTree = BUILT_PRODUCTS_DIR; };
		EF086723219C799F00D6C99A /* AppDelegate.swift */ = {isa = PBXFileReference; lastKnownFileType = sourcecode.swift; path = AppDelegate.swift; sourceTree = "<group>"; };
		EF086725219C799F00D6C99A /* MoneyViewController.swift */ = {isa = PBXFileReference; lastKnownFileType = sourcecode.swift; path = MoneyViewController.swift; sourceTree = "<group>"; };
		EF086728219C799F00D6C99A /* Base */ = {isa = PBXFileReference; lastKnownFileType = file.storyboard; name = Base; path = Base.lproj/Main.storyboard; sourceTree = "<group>"; };
		EF08672A219C79A000D6C99A /* Assets.xcassets */ = {isa = PBXFileReference; lastKnownFileType = folder.assetcatalog; path = Assets.xcassets; sourceTree = "<group>"; };
		EF08672D219C79A000D6C99A /* Base */ = {isa = PBXFileReference; lastKnownFileType = file.storyboard; name = Base; path = Base.lproj/LaunchScreen.storyboard; sourceTree = "<group>"; };
		EF08672F219C79A000D6C99A /* Info.plist */ = {isa = PBXFileReference; lastKnownFileType = text.plist.xml; path = Info.plist; sourceTree = "<group>"; };
		EF69069F21A3AE6B0064B3AC /* Extensions.swift */ = {isa = PBXFileReference; lastKnownFileType = sourcecode.swift; path = Extensions.swift; sourceTree = "<group>"; };
/* End PBXFileReference section */

/* Begin PBXFrameworksBuildPhase section */
		EF08671D219C799F00D6C99A /* Frameworks */ = {
			isa = PBXFrameworksBuildPhase;
			buildActionMask = 2147483647;
			files = (
				7B5E66DF6FFF616E0F42433B /* Pods_Conversor.framework in Frameworks */,
			);
			runOnlyForDeploymentPostprocessing = 0;
		};
/* End PBXFrameworksBuildPhase section */

/* Begin PBXGroup section */
		6806AD889B901EF7D90E1CD9 /* Frameworks */ = {
			isa = PBXGroup;
			children = (
				05EB34FE764CE4E834F946E1 /* Pods_Conversor.framework */,
			);
			name = Frameworks;
			sourceTree = "<group>";
		};
		D779456B9EBE16D38523D0E0 /* Pods */ = {
			isa = PBXGroup;
			children = (
				7490CCCBCD4C46DE547A5817 /* Pods-Conversor.debug.xcconfig */,
				9F4362BA1538540C1A39299D /* Pods-Conversor.release.xcconfig */,
			);
			name = Pods;
			sourceTree = "<group>";
		};
		EF086717219C799F00D6C99A = {
			isa = PBXGroup;
			children = (
				EF086722219C799F00D6C99A /* Conversor */,
				EF086721219C799F00D6C99A /* Products */,
				D779456B9EBE16D38523D0E0 /* Pods */,
				6806AD889B901EF7D90E1CD9 /* Frameworks */,
			);
			sourceTree = "<group>";
		};
		EF086721219C799F00D6C99A /* Products */ = {
			isa = PBXGroup;
			children = (
				EF086720219C799F00D6C99A /* Conversor.app */,
			);
			name = Products;
			sourceTree = "<group>";
		};
		EF086722219C799F00D6C99A /* Conversor */ = {
			isa = PBXGroup;
			children = (
				EF6906A121A3AE9B0064B3AC /* Helper */,
				EFA03AED219F395C009110C3 /* View */,
				EFA03AEE219F396C009110C3 /* Controller */,
				EF08672A219C79A000D6C99A /* Assets.xcassets */,
				EF08672F219C79A000D6C99A /* Info.plist */,
			);
			path = Conversor;
			sourceTree = "<group>";
		};
		EF6906A121A3AE9B0064B3AC /* Helper */ = {
			isa = PBXGroup;
			children = (
				EF69069F21A3AE6B0064B3AC /* Extensions.swift */,
			);
			path = Helper;
			sourceTree = "<group>";
		};
		EFA03AED219F395C009110C3 /* View */ = {
			isa = PBXGroup;
			children = (
				EF086727219C799F00D6C99A /* Main.storyboard */,
				EF08672C219C79A000D6C99A /* LaunchScreen.storyboard */,
			);
			path = View;
			sourceTree = "<group>";
		};
		EFA03AEE219F396C009110C3 /* Controller */ = {
			isa = PBXGroup;
			children = (
				EF086725219C799F00D6C99A /* MoneyViewController.swift */,
				EF086723219C799F00D6C99A /* AppDelegate.swift */,
			);
			path = Controller;
			sourceTree = "<group>";
		};
/* End PBXGroup section */

/* Begin PBXNativeTarget section */
		EF08671F219C799F00D6C99A /* Conversor */ = {
			isa = PBXNativeTarget;
			buildConfigurationList = EF086732219C79A000D6C99A /* Build configuration list for PBXNativeTarget "Conversor" */;
			buildPhases = (
				3D0B7FE6DB6FDAD6CACE946D /* [CP] Check Pods Manifest.lock */,
				EF08671C219C799F00D6C99A /* Sources */,
				EF08671D219C799F00D6C99A /* Frameworks */,
				EF08671E219C799F00D6C99A /* Resources */,
				9B8A90ADC3D1DCED420B8CD6 /* [CP] Embed Pods Frameworks */,
			);
			buildRules = (
			);
			dependencies = (
			);
			name = Conversor;
			productName = Conversor;
			productReference = EF086720219C799F00D6C99A /* Conversor.app */;
			productType = "com.apple.product-type.application";
		};
/* End PBXNativeTarget section */

/* Begin PBXProject section */
		EF086718219C799F00D6C99A /* Project object */ = {
			isa = PBXProject;
			attributes = {
				LastSwiftUpdateCheck = 1010;
				LastUpgradeCheck = 1010;
				ORGANIZATIONNAME = "Victor Alonso";
				TargetAttributes = {
					EF08671F219C799F00D6C99A = {
						CreatedOnToolsVersion = 10.1;
					};
				};
			};
			buildConfigurationList = EF08671B219C799F00D6C99A /* Build configuration list for PBXProject "Conversor" */;
			compatibilityVersion = "Xcode 9.3";
			developmentRegion = en;
			hasScannedForEncodings = 0;
			knownRegions = (
				en,
				Base,
			);
			mainGroup = EF086717219C799F00D6C99A;
			productRefGroup = EF086721219C799F00D6C99A /* Products */;
			projectDirPath = "";
			projectRoot = "";
			targets = (
				EF08671F219C799F00D6C99A /* Conversor */,
			);
		};
/* End PBXProject section */

/* Begin PBXResourcesBuildPhase section */
		EF08671E219C799F00D6C99A /* Resources */ = {
			isa = PBXResourcesBuildPhase;
			buildActionMask = 2147483647;
			files = (
				EF08672E219C79A000D6C99A /* LaunchScreen.storyboard in Resources */,
				EF08672B219C79A000D6C99A /* Assets.xcassets in Resources */,
				EF086729219C799F00D6C99A /* Main.storyboard in Resources */,
			);
			runOnlyForDeploymentPostprocessing = 0;
		};
/* End PBXResourcesBuildPhase section */

/* Begin PBXShellScriptBuildPhase section */
		3D0B7FE6DB6FDAD6CACE946D /* [CP] Check Pods Manifest.lock */ = {
			isa = PBXShellScriptBuildPhase;
			buildActionMask = 2147483647;
			files = (
			);
			inputFileListPaths = (
			);
			inputPaths = (
				"${PODS_PODFILE_DIR_PATH}/Podfile.lock",
				"${PODS_ROOT}/Manifest.lock",
			);
			name = "[CP] Check Pods Manifest.lock";
			outputFileListPaths = (
			);
			outputPaths = (
				"$(DERIVED_FILE_DIR)/Pods-Conversor-checkManifestLockResult.txt",
			);
			runOnlyForDeploymentPostprocessing = 0;
			shellPath = /bin/sh;
			shellScript = "diff \"${PODS_PODFILE_DIR_PATH}/Podfile.lock\" \"${PODS_ROOT}/Manifest.lock\" > /dev/null\nif [ $? != 0 ] ; then\n    # print error to STDERR\n    echo \"error: The sandbox is not in sync with the Podfile.lock. Run 'pod install' or update your CocoaPods installation.\" >&2\n    exit 1\nfi\n# This output is used by Xcode 'outputs' to avoid re-running this script phase.\necho \"SUCCESS\" > \"${SCRIPT_OUTPUT_FILE_0}\"\n";
			showEnvVarsInLog = 0;
		};
		9B8A90ADC3D1DCED420B8CD6 /* [CP] Embed Pods Frameworks */ = {
			isa = PBXShellScriptBuildPhase;
			buildActionMask = 2147483647;
			files = (
			);
			inputFileListPaths = (
			);
			inputPaths = (
				"${SRCROOT}/Pods/Target Support Files/Pods-Conversor/Pods-Conversor-frameworks.sh",
				"${BUILT_PRODUCTS_DIR}/Alamofire/Alamofire.framework",
				"${BUILT_PRODUCTS_DIR}/ChameleonFramework/ChameleonFramework.framework",
				"${BUILT_PRODUCTS_DIR}/SVProgressHUD/SVProgressHUD.framework",
				"${BUILT_PRODUCTS_DIR}/SwiftyJSON/SwiftyJSON.framework",
			);
			name = "[CP] Embed Pods Frameworks";
			outputFileListPaths = (
			);
			outputPaths = (
				"${TARGET_BUILD_DIR}/${FRAMEWORKS_FOLDER_PATH}/Alamofire.framework",
				"${TARGET_BUILD_DIR}/${FRAMEWORKS_FOLDER_PATH}/ChameleonFramework.framework",
				"${TARGET_BUILD_DIR}/${FRAMEWORKS_FOLDER_PATH}/SVProgressHUD.framework",
				"${TARGET_BUILD_DIR}/${FRAMEWORKS_FOLDER_PATH}/SwiftyJSON.framework",
			);
			runOnlyForDeploymentPostprocessing = 0;
			shellPath = /bin/sh;
			shellScript = "\"${SRCROOT}/Pods/Target Support Files/Pods-Conversor/Pods-Conversor-frameworks.sh\"\n";
			showEnvVarsInLog = 0;
		};
/* End PBXShellScriptBuildPhase section */

/* Begin PBXSourcesBuildPhase section */
		EF08671C219C799F00D6C99A /* Sources */ = {
			isa = PBXSourcesBuildPhase;
			buildActionMask = 2147483647;
			files = (
				EF086726219C799F00D6C99A /* MoneyViewController.swift in Sources */,
				EF6906A021A3AE6B0064B3AC /* Extensions.swift in Sources */,
				EF086724219C799F00D6C99A /* AppDelegate.swift in Sources */,
			);
			runOnlyForDeploymentPostprocessing = 0;
		};
/* End PBXSourcesBuildPhase section */

/* Begin PBXVariantGroup section */
		EF086727219C799F00D6C99A /* Main.storyboard */ = {
			isa = PBXVariantGroup;
			children = (
				EF086728219C799F00D6C99A /* Base */,
			);
			name = Main.storyboard;
			sourceTree = "<group>";
		};
		EF08672C219C79A000D6C99A /* LaunchScreen.storyboard */ = {
			isa = PBXVariantGroup;
			children = (
				EF08672D219C79A000D6C99A /* Base */,
			);
			name = LaunchScreen.storyboard;
			sourceTree = "<group>";
		};
/* End PBXVariantGroup section */

/* Begin XCBuildConfiguration section */
		EF086730219C79A000D6C99A /* Debug */ = {
			isa = XCBuildConfiguration;
			buildSettings = {
				ALWAYS_SEARCH_USER_PATHS = NO;
				CLANG_ANALYZER_NONNULL = YES;
				CLANG_ANALYZER_NUMBER_OBJECT_CONVERSION = YES_AGGRESSIVE;
				CLANG_CXX_LANGUAGE_STANDARD = "gnu++14";
				CLANG_CXX_LIBRARY = "libc++";
				CLANG_ENABLE_MODULES = YES;
				CLANG_ENABLE_OBJC_ARC = YES;
				CLANG_ENABLE_OBJC_WEAK = YES;
				CLANG_WARN_BLOCK_CAPTURE_AUTORELEASING = YES;
				CLANG_WARN_BOOL_CONVERSION = YES;
				CLANG_WARN_COMMA = YES;
				CLANG_WARN_CONSTANT_CONVERSION = YES;
				CLANG_WARN_DEPRECATED_OBJC_IMPLEMENTATIONS = YES;
				CLANG_WARN_DIRECT_OBJC_ISA_USAGE = YES_ERROR;
				CLANG_WARN_DOCUMENTATION_COMMENTS = YES;
				CLANG_WARN_EMPTY_BODY = YES;
				CLANG_WARN_ENUM_CONVERSION = YES;
				CLANG_WARN_INFINITE_RECURSION = YES;
				CLANG_WARN_INT_CONVERSION = YES;
				CLANG_WARN_NON_LITERAL_NULL_CONVERSION = YES;
				CLANG_WARN_OBJC_IMPLICIT_RETAIN_SELF = YES;
				CLANG_WARN_OBJC_LITERAL_CONVERSION = YES;
				CLANG_WARN_OBJC_ROOT_CLASS = YES_ERROR;
				CLANG_WARN_RANGE_LOOP_ANALYSIS = YES;
				CLANG_WARN_STRICT_PROTOTYPES = YES;
				CLANG_WARN_SUSPICIOUS_MOVE = YES;
				CLANG_WARN_UNGUARDED_AVAILABILITY = YES_AGGRESSIVE;
				CLANG_WARN_UNREACHABLE_CODE = YES;
				CLANG_WARN__DUPLICATE_METHOD_MATCH = YES;
				CODE_SIGN_IDENTITY = "iPhone Developer";
				COPY_PHASE_STRIP = NO;
				DEBUG_INFORMATION_FORMAT = dwarf;
				ENABLE_STRICT_OBJC_MSGSEND = YES;
				ENABLE_TESTABILITY = YES;
				GCC_C_LANGUAGE_STANDARD = gnu11;
				GCC_DYNAMIC_NO_PIC = NO;
				GCC_NO_COMMON_BLOCKS = YES;
				GCC_OPTIMIZATION_LEVEL = 0;
				GCC_PREPROCESSOR_DEFINITIONS = (
					"DEBUG=1",
					"$(inherited)",
				);
				GCC_WARN_64_TO_32_BIT_CONVERSION = YES;
				GCC_WARN_ABOUT_RETURN_TYPE = YES_ERROR;
				GCC_WARN_UNDECLARED_SELECTOR = YES;
				GCC_WARN_UNINITIALIZED_AUTOS = YES_AGGRESSIVE;
				GCC_WARN_UNUSED_FUNCTION = YES;
				GCC_WARN_UNUSED_VARIABLE = YES;
				IPHONEOS_DEPLOYMENT_TARGET = 12.1;
				MTL_ENABLE_DEBUG_INFO = INCLUDE_SOURCE;
				MTL_FAST_MATH = YES;
				ONLY_ACTIVE_ARCH = YES;
				SDKROOT = iphoneos;
				SWIFT_ACTIVE_COMPILATION_CONDITIONS = DEBUG;
				SWIFT_OPTIMIZATION_LEVEL = "-Onone";
			};
			name = Debug;
		};
		EF086731219C79A000D6C99A /* Release */ = {
			isa = XCBuildConfiguration;
			buildSettings = {
				ALWAYS_SEARCH_USER_PATHS = NO;
				CLANG_ANALYZER_NONNULL = YES;
				CLANG_ANALYZER_NUMBER_OBJECT_CONVERSION = YES_AGGRESSIVE;
				CLANG_CXX_LANGUAGE_STANDARD = "gnu++14";
				CLANG_CXX_LIBRARY = "libc++";
				CLANG_ENABLE_MODULES = YES;
				CLANG_ENABLE_OBJC_ARC = YES;
				CLANG_ENABLE_OBJC_WEAK = YES;
				CLANG_WARN_BLOCK_CAPTURE_AUTORELEASING = YES;
				CLANG_WARN_BOOL_CONVERSION = YES;
				CLANG_WARN_COMMA = YES;
				CLANG_WARN_CONSTANT_CONVERSION = YES;
				CLANG_WARN_DEPRECATED_OBJC_IMPLEMENTATIONS = YES;
				CLANG_WARN_DIRECT_OBJC_ISA_USAGE = YES_ERROR;
				CLANG_WARN_DOCUMENTATION_COMMENTS = YES;
				CLANG_WARN_EMPTY_BODY = YES;
				CLANG_WARN_ENUM_CONVERSION = YES;
				CLANG_WARN_INFINITE_RECURSION = YES;
				CLANG_WARN_INT_CONVERSION = YES;
				CLANG_WARN_NON_LITERAL_NULL_CONVERSION = YES;
				CLANG_WARN_OBJC_IMPLICIT_RETAIN_SELF = YES;
				CLANG_WARN_OBJC_LITERAL_CONVERSION = YES;
				CLANG_WARN_OBJC_ROOT_CLASS = YES_ERROR;
				CLANG_WARN_RANGE_LOOP_ANALYSIS = YES;
				CLANG_WARN_STRICT_PROTOTYPES = YES;
				CLANG_WARN_SUSPICIOUS_MOVE = YES;
				CLANG_WARN_UNGUARDED_AVAILABILITY = YES_AGGRESSIVE;
				CLANG_WARN_UNREACHABLE_CODE = YES;
				CLANG_WARN__DUPLICATE_METHOD_MATCH = YES;
				CODE_SIGN_IDENTITY = "iPhone Developer";
				COPY_PHASE_STRIP = NO;
				DEBUG_INFORMATION_FORMAT = "dwarf-with-dsym";
				ENABLE_NS_ASSERTIONS = NO;
				ENABLE_STRICT_OBJC_MSGSEND = YES;
				GCC_C_LANGUAGE_STANDARD = gnu11;
				GCC_NO_COMMON_BLOCKS = YES;
				GCC_WARN_64_TO_32_BIT_CONVERSION = YES;
				GCC_WARN_ABOUT_RETURN_TYPE = YES_ERROR;
				GCC_WARN_UNDECLARED_SELECTOR = YES;
				GCC_WARN_UNINITIALIZED_AUTOS = YES_AGGRESSIVE;
				GCC_WARN_UNUSED_FUNCTION = YES;
				GCC_WARN_UNUSED_VARIABLE = YES;
				IPHONEOS_DEPLOYMENT_TARGET = 12.1;
				MTL_ENABLE_DEBUG_INFO = NO;
				MTL_FAST_MATH = YES;
				SDKROOT = iphoneos;
				SWIFT_COMPILATION_MODE = wholemodule;
				SWIFT_OPTIMIZATION_LEVEL = "-O";
				VALIDATE_PRODUCT = YES;
			};
			name = Release;
		};
		EF086733219C79A000D6C99A /* Debug */ = {
			isa = XCBuildConfiguration;
			baseConfigurationReference = 7490CCCBCD4C46DE547A5817 /* Pods-Conversor.debug.xcconfig */;
			buildSettings = {
				ASSETCATALOG_COMPILER_APPICON_NAME = AppIcon;
				CODE_SIGN_STYLE = Automatic;
				DEVELOPMENT_TEAM = 56H9G6QR55;
				INFOPLIST_FILE = Conversor/Info.plist;
				LD_RUNPATH_SEARCH_PATHS = (
					"$(inherited)",
					"@executable_path/Frameworks",
				);
				PRODUCT_BUNDLE_IDENTIFIER = com.VicAlon.Conversor;
				PRODUCT_NAME = "$(TARGET_NAME)";
				SWIFT_VERSION = 4.2;
				TARGETED_DEVICE_FAMILY = 1;
			};
			name = Debug;
		};
		EF086734219C79A000D6C99A /* Release */ = {
			isa = XCBuildConfiguration;
			baseConfigurationReference = 9F4362BA1538540C1A39299D /* Pods-Conversor.release.xcconfig */;
			buildSettings = {
				ASSETCATALOG_COMPILER_APPICON_NAME = AppIcon;
				CODE_SIGN_STYLE = Automatic;
				DEVELOPMENT_TEAM = 56H9G6QR55;
				INFOPLIST_FILE = Conversor/Info.plist;
				LD_RUNPATH_SEARCH_PATHS = (
					"$(inherited)",
					"@executable_path/Frameworks",
				);
				PRODUCT_BUNDLE_IDENTIFIER = com.VicAlon.Conversor;
				PRODUCT_NAME = "$(TARGET_NAME)";
				SWIFT_VERSION = 4.2;
				TARGETED_DEVICE_FAMILY = 1;
			};
			name = Release;
		};
/* End XCBuildConfiguration section */

/* Begin XCConfigurationList section */
		EF08671B219C799F00D6C99A /* Build configuration list for PBXProject "Conversor" */ = {
			isa = XCConfigurationList;
			buildConfigurations = (
				EF086730219C79A000D6C99A /* Debug */,
				EF086731219C79A000D6C99A /* Release */,
			);
			defaultConfigurationIsVisible = 0;
			defaultConfigurationName = Release;
		};
		EF086732219C79A000D6C99A /* Build configuration list for PBXNativeTarget "Conversor" */ = {
			isa = XCConfigurationList;
			buildConfigurations = (
				EF086733219C79A000D6C99A /* Debug */,
				EF086734219C79A000D6C99A /* Release */,
			);
			defaultConfigurationIsVisible = 0;
			defaultConfigurationName = Release;
		};
/* End XCConfigurationList section */
	};
	rootObject = EF086718219C799F00D6C99A /* Project object */;
}
